Microsoft Visual Studio Solution File, Format Version 11.00
# Visual Studio 2017

Project("{8BC9CEB8-8B4A-11D0-8D11-00A0C91BC942}") = "Tunefish4 - VST", "Tunefish4_VST.vcxproj", "{7723134A-92EA-D966-5320-39529B22364F}"
	ProjectSection(ProjectDependencies) = postProject
		{36BA9021-C992-8259-188F-9E0F7DD71011} = {36BA9021-C992-8259-188F-9E0F7DD71011}
	EndProjectSection
EndProject
Project("{8BC9CEB8-8B4A-11D0-8D11-00A0C91BC942}") = "Tunefish4 - VST3", "Tunefish4_VST3.vcxproj", "{4CA1593B-1F2A-C213-88F6-7639580D8D7B}"
	ProjectSection(ProjectDependencies) = postProject
		{36BA9021-C992-8259-188F-9E0F7DD71011} = {36BA9021-C992-8259-188F-9E0F7DD71011}
	EndProjectSection
EndProject
Project("{8BC9CEB8-8B4A-11D0-8D11-00A0C91BC942}") = "Tunefish4 - Shared Code", "Tunefish4_SharedCode.vcxproj", "{36BA9021-C992-8259-188F-9E0F7DD71011}"
EndProject
Global
	GlobalSection(SolutionConfigurationPlatforms) = preSolution
		Debug|Win32 = Debug|Win32
		Release|Win32 = Release|Win32
		Debug|x64 = Debug|x64
		Release|x64 = Release|x64
	EndGlobalSection
	GlobalSection(ProjectConfigurationPlatforms) = postSolution
		{7723134A-92EA-D966-5320-39529B22364F}.Debug|Win32.ActiveCfg = Debug|Win32
		{7723134A-92EA-D966-5320-39529B22364F}.Debug|Win32.Build.0 = Debug|Win32
		{7723134A-92EA-D966-5320-39529B22364F}.Release|Win32.ActiveCfg = Release|Win32
		{7723134A-92EA-D966-5320-39529B22364F}.Release|Win32.Build.0 = Release|Win32
		{7723134A-92EA-D966-5320-39529B22364F}.Debug|x64.ActiveCfg = Debug|x64
		{7723134A-92EA-D966-5320-39529B22364F}.Debug|x64.Build.0 = Debug|x64
		{7723134A-92EA-D966-5320-39529B22364F}.Release|x64.ActiveCfg = Release|x64
		{7723134A-92EA-D966-5320-39529B22364F}.Release|x64.Build.0 = Release|x64
		{4CA1593B-1F2A-C213-88F6-7639580D8D7B}.Debug|Win32.ActiveCfg = Debug|Win32
		{4CA1593B-1F2A-C213-88F6-7639580D8D7B}.Debug|Win32.Build.0 = Debug|Win32
		{4CA1593B-1F2A-C213-88F6-7639580D8D7B}.Release|Win32.ActiveCfg = Release|Win32
		{4CA1593B-1F2A-C213-88F6-7639580D8D7B}.Release|Win32.Build.0 = Release|Win32
		{4CA1593B-1F2A-C213-88F6-7639580D8D7B}.Debug|x64.ActiveCfg = Debug|x64
		{4CA1593B-1F2A-C213-88F6-7639580D8D7B}.Debug|x64.Build.0 = Debug|x64
		{4CA1593B-1F2A-C213-88F6-7639580D8D7B}.Release|x64.ActiveCfg = Release|x64
		{4CA1593B-1F2A-C213-88F6-7639580D8D7B}.Release|x64.Build.0 = Release|x64
		{36BA9021-C992-8259-188F-9E0F7DD71011}.Debug|Win32.ActiveCfg = Debug|Win32
		{36BA9021-C992-8259-188F-9E0F7DD71011}.Debug|Win32.Build.0 = Debug|Win32
		{36BA9021-C992-8259-188F-9E0F7DD71011}.Release|Win32.ActiveCfg = Release|Win32
		{36BA9021-C992-8259-188F-9E0F7DD71011}.Release|Win32.Build.0 = Release|Win32
		{36BA9021-C992-8259-188F-9E0F7DD71011}.Debug|x64.ActiveCfg = Debug|x64
		{36BA9021-C992-8259-188F-9E0F7DD71011}.Debug|x64.Build.0 = Debug|x64
		{36BA9021-C992-8259-188F-9E0F7DD71011}.Release|x64.ActiveCfg = Release|x64
		{36BA9021-C992-8259-188F-9E0F7DD71011}.Release|x64.Build.0 = Release|x64
	EndGlobalSection
	GlobalSection(SolutionProperties) = preSolution
		HideSolutionNode = FALSE
	EndGlobalSection
EndGlobal
